
Microsoft Visual Studio Solution File, Format Version 12.00
# Visual Studio 15
VisualStudioVersion = 15.0.27130.2010
MinimumVisualStudioVersion = 10.0.40219.1
Project("{FAE04EC0-301F-11D3-BF4B-00C04F79EFBC}") = "GameCubeHIDInterface", "GameCubeHIDInterface.csproj", "{7413AD08-4778-4EBD-8416-C53BF515449F}"
	ProjectSection(ProjectDependencies) = postProject
		{9E8F1D50-74EA-4C60-BD5C-AB2C5B53BC66} = {9E8F1D50-74EA-4C60-BD5C-AB2C5B53BC66}
	EndProjectSection
EndProject
Project("{9A19103F-16F7-4668-BE54-9A1E7A4F7556}") = "HidLibrary", "HidLibrary-master\src\HidLibrary\HidLibrary.csproj", "{9E8F1D50-74EA-4C60-BD5C-AB2C5B53BC66}"
EndProject
Global
	GlobalSection(SolutionConfigurationPlatforms) = preSolution
		Debug|Any CPU = Debug|Any CPU
		Debug|x86 = Debug|x86
		Release|Any CPU = Release|Any CPU
		Release|x86 = Release|x86
	EndGlobalSection
	GlobalSection(ProjectConfigurationPlatforms) = postSolution
		{7413AD08-4778-4EBD-8416-C53BF515449F}.Debug|Any CPU.ActiveCfg = Debug|Any CPU
		{7413AD08-4778-4EBD-8416-C53BF515449F}.Debug|Any CPU.Build.0 = Debug|Any CPU
		{7413AD08-4778-4EBD-8416-C53BF515449F}.Debug|x86.ActiveCfg = Debug|Any CPU
		{7413AD08-4778-4EBD-8416-C53BF515449F}.Debug|x86.Build.0 = Debug|Any CPU
		{7413AD08-4778-4EBD-8416-C53BF515449F}.Release|Any CPU.ActiveCfg = Release|Any CPU
		{7413AD08-4778-4EBD-8416-C53BF515449F}.Release|Any CPU.Build.0 = Release|Any CPU
		{7413AD08-4778-4EBD-8416-C53BF515449F}.Release|x86.ActiveCfg = Release|Any CPU
		{7413AD08-4778-4EBD-8416-C53BF515449F}.Release|x86.Build.0 = Release|Any CPU
		{9E8F1D50-74EA-4C60-BD5C-AB2C5B53BC66}.Debug|Any CPU.ActiveCfg = Debug|Any CPU
		{9E8F1D50-74EA-4C60-BD5C-AB2C5B53BC66}.Debug|Any CPU.Build.0 = Debug|Any CPU
		{9E8F1D50-74EA-4C60-BD5C-AB2C5B53BC66}.Debug|x86.ActiveCfg = Debug|Any CPU
		{9E8F1D50-74EA-4C60-BD5C-AB2C5B53BC66}.Debug|x86.Build.0 = Debug|Any CPU
		{9E8F1D50-74EA-4C60-BD5C-AB2C5B53BC66}.Release|Any CPU.ActiveCfg = Release|Any CPU
		{9E8F1D50-74EA-4C60-BD5C-AB2C5B53BC66}.Release|Any CPU.Build.0 = Release|Any CPU
		{9E8F1D50-74EA-4C60-BD5C-AB2C5B53BC66}.Release|x86.ActiveCfg = Release|Any CPU
		{9E8F1D50-74EA-4C60-BD5C-AB2C5B53BC66}.Release|x86.Build.0 = Release|Any CPU
	EndGlobalSection
	GlobalSection(SolutionProperties) = preSolution
		HideSolutionNode = FALSE
	EndGlobalSection
	GlobalSection(ExtensibilityGlobals) = postSolution
		SolutionGuid = {22DF09F8-8F47-4A83-AE9B-016900504793}
	EndGlobalSection
EndGlobal
